
Microsoft Visual Studio Solution File, Format Version 12.00
# Visual Studio Version 17
VisualStudioVersion = 17.3.32825.248
MinimumVisualStudioVersion = 10.0.40219.1
Project("{FAE04EC0-301F-11D3-BF4B-00C04F79EFBC}") = "Lab-1", "Lab-1\Lab-1.csproj", "{BB7BCA02-C556-48B1-8BB3-5EDD504DB413}"
EndProject
Global
	GlobalSection(SolutionConfigurationPlatforms) = preSolution
		Debug|Any CPU = Debug|Any CPU
		Release|Any CPU = Release|Any CPU
	EndGlobalSection
	GlobalSection(ProjectConfigurationPlatforms) = postSolution
		{BB7BCA02-C556-48B1-8BB3-5EDD504DB413}.Debug|Any CPU.ActiveCfg = Debug|Any CPU
		{BB7BCA02-C556-48B1-8BB3-5EDD504DB413}.Debug|Any CPU.Build.0 = Debug|Any CPU
		{BB7BCA02-C556-48B1-8BB3-5EDD504DB413}.Release|Any CPU.ActiveCfg = Release|Any CPU
		{BB7BCA02-C556-48B1-8BB3-5EDD504DB413}.Release|Any CPU.Build.0 = Release|Any CPU
	EndGlobalSection
	GlobalSection(SolutionProperties) = preSolution
		HideSolutionNode = FALSE
	EndGlobalSection
	GlobalSection(ExtensibilityGlobals) = postSolution
		SolutionGuid = {4AF05282-09C6-40DD-AFCC-16BE4A10EFAE}
	EndGlobalSection
EndGlobal
